{
    "version": 3,
    "terraform_version": "0.12.31",
    "serial": 1,
    "lineage": "318875be-3e94-a263-bb8a-66ac1cb4096f",
    "modules": [
        {
            "path": [
                "root"
            ],
            "outputs": {
                "google_project_iam_member_tfer--organizations-002F-413785091449-002F-roles-002F-AppEngine_admin_plus_creatoruser-003A-cloud_user_p_4ab9ccfc-0040-linuxacademygclabs-002E-com_id": {
                    "sensitive": false,
                    "type": "string",
                    "value": "organizations/413785091449/roles/AppEngine_admin_plus_creatoruser:cloud_user_p_4ab9ccfc@linuxacademygclabs.com"
                },
                "google_project_iam_member_tfer--organizations-002F-413785091449-002F-roles-002F-StudentLabAdmin1user-003A-cloud_user_p_4ab9ccfc-0040-linuxacademygclabs-002E-com_id": {
                    "sensitive": false,
                    "type": "string",
                    "value": "organizations/413785091449/roles/StudentLabAdmin1user:cloud_user_p_4ab9ccfc@linuxacademygclabs.com"
                },
                "google_project_iam_member_tfer--organizations-002F-413785091449-002F-roles-002F-StudentLabAdmin2user-003A-cloud_user_p_4ab9ccfc-0040-linuxacademygclabs-002E-com_id": {
                    "sensitive": false,
                    "type": "string",
                    "value": "organizations/413785091449/roles/StudentLabAdmin2user:cloud_user_p_4ab9ccfc@linuxacademygclabs.com"
                },
                "google_project_iam_member_tfer--organizations-002F-413785091449-002F-roles-002F-StudentLabAdmin3user-003A-cloud_user_p_4ab9ccfc-0040-linuxacademygclabs-002E-com_id": {
                    "sensitive": false,
                    "type": "string",
                    "value": "organizations/413785091449/roles/StudentLabAdmin3user:cloud_user_p_4ab9ccfc@linuxacademygclabs.com"
                },
                "google_project_iam_member_tfer--roles-002F-appengine-002E-appAdminuser-003A-cloud_user_p_4ab9ccfc-0040-linuxacademygclabs-002E-com_id": {
                    "sensitive": false,
                    "type": "string",
                    "value": "roles/appengine.appAdminuser:cloud_user_p_4ab9ccfc@linuxacademygclabs.com"
                },
                "google_project_iam_member_tfer--roles-002F-bigquery-002E-adminuser-003A-cloud_user_p_4ab9ccfc-0040-linuxacademygclabs-002E-com_id": {
                    "sensitive": false,
                    "type": "string",
                    "value": "roles/bigquery.adminuser:cloud_user_p_4ab9ccfc@linuxacademygclabs.com"
                },
                "google_project_iam_member_tfer--roles-002F-bigtable-002E-adminuser-003A-cloud_user_p_4ab9ccfc-0040-linuxacademygclabs-002E-com_id": {
                    "sensitive": false,
                    "type": "string",
                    "value": "roles/bigtable.adminuser:cloud_user_p_4ab9ccfc@linuxacademygclabs.com"
                },
                "google_project_iam_member_tfer--roles-002F-clouddebugger-002E-useruser-003A-cloud_user_p_4ab9ccfc-0040-linuxacademygclabs-002E-com_id": {
                    "sensitive": false,
                    "type": "string",
                    "value": "roles/clouddebugger.useruser:cloud_user_p_4ab9ccfc@linuxacademygclabs.com"
                },
                "google_project_iam_member_tfer--roles-002F-cloudfunctions-002E-adminuser-003A-cloud_user_p_4ab9ccfc-0040-linuxacademygclabs-002E-com_id": {
                    "sensitive": false,
                    "type": "string",
                    "value": "roles/cloudfunctions.adminuser:cloud_user_p_4ab9ccfc@linuxacademygclabs.com"
                },
                "google_project_iam_member_tfer--roles-002F-cloudfunctions-002E-developeruser-003A-cloud_user_p_4ab9ccfc-0040-linuxacademygclabs-002E-com_id": {
                    "sensitive": false,
                    "type": "string",
                    "value": "roles/cloudfunctions.developeruser:cloud_user_p_4ab9ccfc@linuxacademygclabs.com"
                },
                "google_project_iam_member_tfer--roles-002F-cloudiot-002E-adminuser-003A-cloud_user_p_4ab9ccfc-0040-linuxacademygclabs-002E-com_id": {
                    "sensitive": false,
                    "type": "string",
                    "value": "roles/cloudiot.adminuser:cloud_user_p_4ab9ccfc@linuxacademygclabs.com"
                },
                "google_project_iam_member_tfer--roles-002F-cloudkms-002E-adminuser-003A-cloud_user_p_4ab9ccfc-0040-linuxacademygclabs-002E-com_id": {
                    "sensitive": false,
                    "type": "string",
                    "value": "roles/cloudkms.adminuser:cloud_user_p_4ab9ccfc@linuxacademygclabs.com"
                },
                "google_project_iam_member_tfer--roles-002F-cloudkms-002E-cryptoKeyEncrypterDecrypteruser-003A-cloud_user_p_4ab9ccfc-0040-linuxacademygclabs-002E-com_id": {
                    "sensitive": false,
                    "type": "string",
                    "value": "roles/cloudkms.cryptoKeyEncrypterDecrypteruser:cloud_user_p_4ab9ccfc@linuxacademygclabs.com"
                },
                "google_project_iam_member_tfer--roles-002F-cloudsql-002E-adminuser-003A-cloud_user_p_4ab9ccfc-0040-linuxacademygclabs-002E-com_id": {
                    "sensitive": false,
                    "type": "string",
                    "value": "roles/cloudsql.adminuser:cloud_user_p_4ab9ccfc@linuxacademygclabs.com"
                },
                "google_project_iam_member_tfer--roles-002F-cloudtrace-002E-adminuser-003A-cloud_user_p_4ab9ccfc-0040-linuxacademygclabs-002E-com_id": {
                    "sensitive": false,
                    "type": "string",
                    "value": "roles/cloudtrace.adminuser:cloud_user_p_4ab9ccfc@linuxacademygclabs.com"
                },
                "google_project_iam_member_tfer--roles-002F-composer-002E-adminuser-003A-cloud_user_p_4ab9ccfc-0040-linuxacademygclabs-002E-com_id": {
                    "sensitive": false,
                    "type": "string",
                    "value": "roles/composer.adminuser:cloud_user_p_4ab9ccfc@linuxacademygclabs.com"
                },
                "google_project_iam_member_tfer--roles-002F-compute-002E-adminuser-003A-cloud_user_p_4ab9ccfc-0040-linuxacademygclabs-002E-com_id": {
                    "sensitive": false,
                    "type": "string",
                    "value": "roles/compute.adminuser:cloud_user_p_4ab9ccfc@linuxacademygclabs.com"
                },
                "google_project_iam_member_tfer--roles-002F-compute-002E-serviceAgentserviceAccount-003A-service-1031588193130-0040-compute-system-002E-iam-002E-gserviceaccount-002E-com_id": {
                    "sensitive": false,
                    "type": "string",
                    "value": "roles/compute.serviceAgentserviceAccount:service-1031588193130@compute-system.iam.gserviceaccount.com"
                },
                "google_project_iam_member_tfer--roles-002F-container-002E-adminuser-003A-cloud_user_p_4ab9ccfc-0040-linuxacademygclabs-002E-com_id": {
                    "sensitive": false,
                    "type": "string",
                    "value": "roles/container.adminuser:cloud_user_p_4ab9ccfc@linuxacademygclabs.com"
                },
                "google_project_iam_member_tfer--roles-002F-dataflow-002E-developeruser-003A-cloud_user_p_4ab9ccfc-0040-linuxacademygclabs-002E-com_id": {
                    "sensitive": false,
                    "type": "string",
                    "value": "roles/dataflow.developeruser:cloud_user_p_4ab9ccfc@linuxacademygclabs.com"
                },
                "google_project_iam_member_tfer--roles-002F-datamigration-002E-serviceAgentserviceAccount-003A-service-1031588193130-0040-gcp-sa-datamigration-002E-iam-002E-gserviceaccount-002E-com_id": {
                    "sensitive": false,
                    "type": "string",
                    "value": "roles/datamigration.serviceAgentserviceAccount:service-1031588193130@gcp-sa-datamigration.iam.gserviceaccount.com"
                },
                "google_project_iam_member_tfer--roles-002F-dataproc-002E-editoruser-003A-cloud_user_p_4ab9ccfc-0040-linuxacademygclabs-002E-com_id": {
                    "sensitive": false,
                    "type": "string",
                    "value": "roles/dataproc.editoruser:cloud_user_p_4ab9ccfc@linuxacademygclabs.com"
                },
                "google_project_iam_member_tfer--roles-002F-deploymentmanager-002E-editoruser-003A-cloud_user_p_4ab9ccfc-0040-linuxacademygclabs-002E-com_id": {
                    "sensitive": false,
                    "type": "string",
                    "value": "roles/deploymentmanager.editoruser:cloud_user_p_4ab9ccfc@linuxacademygclabs.com"
                },
                "google_project_iam_member_tfer--roles-002F-dialogflow-002E-adminuser-003A-cloud_user_p_4ab9ccfc-0040-linuxacademygclabs-002E-com_id": {
                    "sensitive": false,
                    "type": "string",
                    "value": "roles/dialogflow.adminuser:cloud_user_p_4ab9ccfc@linuxacademygclabs.com"
                },
                "google_project_iam_member_tfer--roles-002F-dlp-002E-adminuser-003A-cloud_user_p_4ab9ccfc-0040-linuxacademygclabs-002E-com_id": {
                    "sensitive": false,
                    "type": "string",
                    "value": "roles/dlp.adminuser:cloud_user_p_4ab9ccfc@linuxacademygclabs.com"
                },
                "google_project_iam_member_tfer--roles-002F-dns-002E-adminuser-003A-cloud_user_p_4ab9ccfc-0040-linuxacademygclabs-002E-com_id": {
                    "sensitive": false,
                    "type": "string",
                    "value": "roles/dns.adminuser:cloud_user_p_4ab9ccfc@linuxacademygclabs.com"
                },
                "google_project_iam_member_tfer--roles-002F-editorserviceAccount-003A-1031588193130-0040-cloudservices-002E-gserviceaccount-002E-com_id": {
                    "sensitive": false,
                    "type": "string",
                    "value": "roles/editorserviceAccount:1031588193130@cloudservices.gserviceaccount.com"
                },
                "google_project_iam_member_tfer--roles-002F-editorserviceAccount-003A-1031588193130-compute-0040-developer-002E-gserviceaccount-002E-com_id": {
                    "sensitive": false,
                    "type": "string",
                    "value": "roles/editorserviceAccount:1031588193130-compute@developer.gserviceaccount.com"
                },
                "google_project_iam_member_tfer--roles-002F-editoruser-003A-cloud_user_p_4ab9ccfc-0040-linuxacademygclabs-002E-com_id": {
                    "sensitive": false,
                    "type": "string",
                    "value": "roles/editoruser:cloud_user_p_4ab9ccfc@linuxacademygclabs.com"
                },
                "google_project_iam_member_tfer--roles-002F-endpoints-002E-portalAdminuser-003A-cloud_user_p_4ab9ccfc-0040-linuxacademygclabs-002E-com_id": {
                    "sensitive": false,
                    "type": "string",
                    "value": "roles/endpoints.portalAdminuser:cloud_user_p_4ab9ccfc@linuxacademygclabs.com"
                },
                "google_project_iam_member_tfer--roles-002F-errorreporting-002E-adminuser-003A-cloud_user_p_4ab9ccfc-0040-linuxacademygclabs-002E-com_id": {
                    "sensitive": false,
                    "type": "string",
                    "value": "roles/errorreporting.adminuser:cloud_user_p_4ab9ccfc@linuxacademygclabs.com"
                },
                "google_project_iam_member_tfer--roles-002F-iam-002E-serviceAccountUseruser-003A-cloud_user_p_4ab9ccfc-0040-linuxacademygclabs-002E-com_id": {
                    "sensitive": false,
                    "type": "string",
                    "value": "roles/iam.serviceAccountUseruser:cloud_user_p_4ab9ccfc@linuxacademygclabs.com"
                },
                "google_project_iam_member_tfer--roles-002F-logging-002E-adminuser-003A-cloud_user_p_4ab9ccfc-0040-linuxacademygclabs-002E-com_id": {
                    "sensitive": false,
                    "type": "string",
                    "value": "roles/logging.adminuser:cloud_user_p_4ab9ccfc@linuxacademygclabs.com"
                },
                "google_project_iam_member_tfer--roles-002F-ml-002E-adminuser-003A-cloud_user_p_4ab9ccfc-0040-linuxacademygclabs-002E-com_id": {
                    "sensitive": false,
                    "type": "string",
                    "value": "roles/ml.adminuser:cloud_user_p_4ab9ccfc@linuxacademygclabs.com"
                },
                "google_project_iam_member_tfer--roles-002F-monitoring-002E-adminuser-003A-cloud_user_p_4ab9ccfc-0040-linuxacademygclabs-002E-com_id": {
                    "sensitive": false,
                    "type": "string",
                    "value": "roles/monitoring.adminuser:cloud_user_p_4ab9ccfc@linuxacademygclabs.com"
                },
                "google_project_iam_member_tfer--roles-002F-ownerserviceAccount-003A-1031588193130-0040-cloudservices-002E-gserviceaccount-002E-com_id": {
                    "sensitive": false,
                    "type": "string",
                    "value": "roles/ownerserviceAccount:1031588193130@cloudservices.gserviceaccount.com"
                },
                "google_project_iam_member_tfer--roles-002F-ownerserviceAccount-003A-919628400850-0040-cloudservices-002E-gserviceaccount-002E-com_id": {
                    "sensitive": false,
                    "type": "string",
                    "value": "roles/ownerserviceAccount:919628400850@cloudservices.gserviceaccount.com"
                },
                "google_project_iam_member_tfer--roles-002F-pubsub-002E-adminuser-003A-cloud_user_p_4ab9ccfc-0040-linuxacademygclabs-002E-com_id": {
                    "sensitive": false,
                    "type": "string",
                    "value": "roles/pubsub.adminuser:cloud_user_p_4ab9ccfc@linuxacademygclabs.com"
                },
                "google_project_iam_member_tfer--roles-002F-redis-002E-adminuser-003A-cloud_user_p_4ab9ccfc-0040-linuxacademygclabs-002E-com_id": {
                    "sensitive": false,
                    "type": "string",
                    "value": "roles/redis.adminuser:cloud_user_p_4ab9ccfc@linuxacademygclabs.com"
                },
                "google_project_iam_member_tfer--roles-002F-source-002E-adminuser-003A-cloud_user_p_4ab9ccfc-0040-linuxacademygclabs-002E-com_id": {
                    "sensitive": false,
                    "type": "string",
                    "value": "roles/source.adminuser:cloud_user_p_4ab9ccfc@linuxacademygclabs.com"
                },
                "google_project_iam_member_tfer--roles-002F-spanner-002E-adminuser-003A-cloud_user_p_4ab9ccfc-0040-linuxacademygclabs-002E-com_id": {
                    "sensitive": false,
                    "type": "string",
                    "value": "roles/spanner.adminuser:cloud_user_p_4ab9ccfc@linuxacademygclabs.com"
                },
                "google_project_iam_member_tfer--roles-002F-spanner-002E-databaseAdminuser-003A-cloud_user_p_4ab9ccfc-0040-linuxacademygclabs-002E-com_id": {
                    "sensitive": false,
                    "type": "string",
                    "value": "roles/spanner.databaseAdminuser:cloud_user_p_4ab9ccfc@linuxacademygclabs.com"
                },
                "google_project_iam_member_tfer--roles-002F-storage-002E-adminuser-003A-cloud_user_p_4ab9ccfc-0040-linuxacademygclabs-002E-com_id": {
                    "sensitive": false,
                    "type": "string",
                    "value": "roles/storage.adminuser:cloud_user_p_4ab9ccfc@linuxacademygclabs.com"
                },
                "google_project_iam_member_tfer--roles-002F-vieweruser-003A-cloud_user_p_4ab9ccfc-0040-linuxacademygclabs-002E-com_id": {
                    "sensitive": false,
                    "type": "string",
                    "value": "roles/vieweruser:cloud_user_p_4ab9ccfc@linuxacademygclabs.com"
                },
                "google_service_account_tfer--113340353749836224741_id": {
                    "sensitive": false,
                    "type": "string",
                    "value": "projects/playground-s-11-451104ad/serviceAccounts/cli-service-account-1@playground-s-11-451104ad.iam.gserviceaccount.com"
                }
            },
            "resources": {
                "google_project_iam_member.tfer--organizations-002F-413785091449-002F-roles-002F-AppEngine_admin_plus_creatoruser-003A-cloud_user_p_4ab9ccfc-0040-linuxacademygclabs-002E-com": {
                    "type": "google_project_iam_member",
                    "depends_on": [],
                    "primary": {
                        "id": "organizations/413785091449/roles/AppEngine_admin_plus_creatoruser:cloud_user_p_4ab9ccfc@linuxacademygclabs.com",
                        "attributes": {
                            "etag": "BwXdzW7Ljbg=",
                            "id": "organizations/413785091449/roles/AppEngine_admin_plus_creatoruser:cloud_user_p_4ab9ccfc@linuxacademygclabs.com",
                            "member": "user:cloud_user_p_4ab9ccfc@linuxacademygclabs.com",
                            "project": "playground-s-11-451104ad",
                            "role": "organizations/413785091449/roles/AppEngine_admin_plus_creator"
                        },
                        "meta": {
                            "schema_version": 0
                        },
                        "tainted": false
                    },
                    "deposed": [],
                    "provider": "provider.google"
                },
                "google_project_iam_member.tfer--organizations-002F-413785091449-002F-roles-002F-StudentLabAdmin1user-003A-cloud_user_p_4ab9ccfc-0040-linuxacademygclabs-002E-com": {
                    "type": "google_project_iam_member",
                    "depends_on": [],
                    "primary": {
                        "id": "organizations/413785091449/roles/StudentLabAdmin1user:cloud_user_p_4ab9ccfc@linuxacademygclabs.com",
                        "attributes": {
                            "etag": "BwXdzW7Ljbg=",
                            "id": "organizations/413785091449/roles/StudentLabAdmin1user:cloud_user_p_4ab9ccfc@linuxacademygclabs.com",
                            "member": "user:cloud_user_p_4ab9ccfc@linuxacademygclabs.com",
                            "project": "playground-s-11-451104ad",
                            "role": "organizations/413785091449/roles/StudentLabAdmin1"
                        },
                        "meta": {
                            "schema_version": 0
                        },
                        "tainted": false
                    },
                    "deposed": [],
                    "provider": "provider.google"
                },
                "google_project_iam_member.tfer--organizations-002F-413785091449-002F-roles-002F-StudentLabAdmin2user-003A-cloud_user_p_4ab9ccfc-0040-linuxacademygclabs-002E-com": {
                    "type": "google_project_iam_member",
                    "depends_on": [],
                    "primary": {
                        "id": "organizations/413785091449/roles/StudentLabAdmin2user:cloud_user_p_4ab9ccfc@linuxacademygclabs.com",
                        "attributes": {
                            "etag": "BwXdzW7Ljbg=",
                            "id": "organizations/413785091449/roles/StudentLabAdmin2user:cloud_user_p_4ab9ccfc@linuxacademygclabs.com",
                            "member": "user:cloud_user_p_4ab9ccfc@linuxacademygclabs.com",
                            "project": "playground-s-11-451104ad",
                            "role": "organizations/413785091449/roles/StudentLabAdmin2"
                        },
                        "meta": {
                            "schema_version": 0
                        },
                        "tainted": false
                    },
                    "deposed": [],
                    "provider": "provider.google"
                },
                "google_project_iam_member.tfer--organizations-002F-413785091449-002F-roles-002F-StudentLabAdmin3user-003A-cloud_user_p_4ab9ccfc-0040-linuxacademygclabs-002E-com": {
                    "type": "google_project_iam_member",
                    "depends_on": [],
                    "primary": {
                        "id": "organizations/413785091449/roles/StudentLabAdmin3user:cloud_user_p_4ab9ccfc@linuxacademygclabs.com",
                        "attributes": {
                            "etag": "BwXdzW7Ljbg=",
                            "id": "organizations/413785091449/roles/StudentLabAdmin3user:cloud_user_p_4ab9ccfc@linuxacademygclabs.com",
                            "member": "user:cloud_user_p_4ab9ccfc@linuxacademygclabs.com",
                            "project": "playground-s-11-451104ad",
                            "role": "organizations/413785091449/roles/StudentLabAdmin3"
                        },
                        "meta": {
                            "schema_version": 0
                        },
                        "tainted": false
                    },
                    "deposed": [],
                    "provider": "provider.google"
                },
                "google_project_iam_member.tfer--roles-002F-appengine-002E-appAdminuser-003A-cloud_user_p_4ab9ccfc-0040-linuxacademygclabs-002E-com": {
                    "type": "google_project_iam_member",
                    "depends_on": [],
                    "primary": {
                        "id": "roles/appengine.appAdminuser:cloud_user_p_4ab9ccfc@linuxacademygclabs.com",
                        "attributes": {
                            "etag": "BwXdzW7Ljbg=",
                            "id": "roles/appengine.appAdminuser:cloud_user_p_4ab9ccfc@linuxacademygclabs.com",
                            "member": "user:cloud_user_p_4ab9ccfc@linuxacademygclabs.com",
                            "project": "playground-s-11-451104ad",
                            "role": "roles/appengine.appAdmin"
                        },
                        "meta": {
                            "schema_version": 0
                        },
                        "tainted": false
                    },
                    "deposed": [],
                    "provider": "provider.google"
                },
                "google_project_iam_member.tfer--roles-002F-bigquery-002E-adminuser-003A-cloud_user_p_4ab9ccfc-0040-linuxacademygclabs-002E-com": {
                    "type": "google_project_iam_member",
                    "depends_on": [],
                    "primary": {
                        "id": "roles/bigquery.adminuser:cloud_user_p_4ab9ccfc@linuxacademygclabs.com",
                        "attributes": {
                            "etag": "BwXdzW7Ljbg=",
                            "id": "roles/bigquery.adminuser:cloud_user_p_4ab9ccfc@linuxacademygclabs.com",
                            "member": "user:cloud_user_p_4ab9ccfc@linuxacademygclabs.com",
                            "project": "playground-s-11-451104ad",
                            "role": "roles/bigquery.admin"
                        },
                        "meta": {
                            "schema_version": 0
                        },
                        "tainted": false
                    },
                    "deposed": [],
                    "provider": "provider.google"
                },
                "google_project_iam_member.tfer--roles-002F-bigtable-002E-adminuser-003A-cloud_user_p_4ab9ccfc-0040-linuxacademygclabs-002E-com": {
                    "type": "google_project_iam_member",
                    "depends_on": [],
                    "primary": {
                        "id": "roles/bigtable.adminuser:cloud_user_p_4ab9ccfc@linuxacademygclabs.com",
                        "attributes": {
                            "etag": "BwXdzW7Ljbg=",
                            "id": "roles/bigtable.adminuser:cloud_user_p_4ab9ccfc@linuxacademygclabs.com",
                            "member": "user:cloud_user_p_4ab9ccfc@linuxacademygclabs.com",
                            "project": "playground-s-11-451104ad",
                            "role": "roles/bigtable.admin"
                        },
                        "meta": {
                            "schema_version": 0
                        },
                        "tainted": false
                    },
                    "deposed": [],
                    "provider": "provider.google"
                },
                "google_project_iam_member.tfer--roles-002F-clouddebugger-002E-useruser-003A-cloud_user_p_4ab9ccfc-0040-linuxacademygclabs-002E-com": {
                    "type": "google_project_iam_member",
                    "depends_on": [],
                    "primary": {
                        "id": "roles/clouddebugger.useruser:cloud_user_p_4ab9ccfc@linuxacademygclabs.com",
                        "attributes": {
                            "etag": "BwXdzW7Ljbg=",
                            "id": "roles/clouddebugger.useruser:cloud_user_p_4ab9ccfc@linuxacademygclabs.com",
                            "member": "user:cloud_user_p_4ab9ccfc@linuxacademygclabs.com",
                            "project": "playground-s-11-451104ad",
                            "role": "roles/clouddebugger.user"
                        },
                        "meta": {
                            "schema_version": 0
                        },
                        "tainted": false
                    },
                    "deposed": [],
                    "provider": "provider.google"
                },
                "google_project_iam_member.tfer--roles-002F-cloudfunctions-002E-adminuser-003A-cloud_user_p_4ab9ccfc-0040-linuxacademygclabs-002E-com": {
                    "type": "google_project_iam_member",
                    "depends_on": [],
                    "primary": {
                        "id": "roles/cloudfunctions.adminuser:cloud_user_p_4ab9ccfc@linuxacademygclabs.com",
                        "attributes": {
                            "etag": "BwXdzW7Ljbg=",
                            "id": "roles/cloudfunctions.adminuser:cloud_user_p_4ab9ccfc@linuxacademygclabs.com",
                            "member": "user:cloud_user_p_4ab9ccfc@linuxacademygclabs.com",
                            "project": "playground-s-11-451104ad",
                            "role": "roles/cloudfunctions.admin"
                        },
                        "meta": {
                            "schema_version": 0
                        },
                        "tainted": false
                    },
                    "deposed": [],
                    "provider": "provider.google"
                },
                "google_project_iam_member.tfer--roles-002F-cloudfunctions-002E-developeruser-003A-cloud_user_p_4ab9ccfc-0040-linuxacademygclabs-002E-com": {
                    "type": "google_project_iam_member",
                    "depends_on": [],
                    "primary": {
                        "id": "roles/cloudfunctions.developeruser:cloud_user_p_4ab9ccfc@linuxacademygclabs.com",
                        "attributes": {
                            "etag": "BwXdzW7Ljbg=",
                            "id": "roles/cloudfunctions.developeruser:cloud_user_p_4ab9ccfc@linuxacademygclabs.com",
                            "member": "user:cloud_user_p_4ab9ccfc@linuxacademygclabs.com",
                            "project": "playground-s-11-451104ad",
                            "role": "roles/cloudfunctions.developer"
                        },
                        "meta": {
                            "schema_version": 0
                        },
                        "tainted": false
                    },
                    "deposed": [],
                    "provider": "provider.google"
                },
                "google_project_iam_member.tfer--roles-002F-cloudiot-002E-adminuser-003A-cloud_user_p_4ab9ccfc-0040-linuxacademygclabs-002E-com": {
                    "type": "google_project_iam_member",
                    "depends_on": [],
                    "primary": {
                        "id": "roles/cloudiot.adminuser:cloud_user_p_4ab9ccfc@linuxacademygclabs.com",
                        "attributes": {
                            "etag": "BwXdzW7Ljbg=",
                            "id": "roles/cloudiot.adminuser:cloud_user_p_4ab9ccfc@linuxacademygclabs.com",
                            "member": "user:cloud_user_p_4ab9ccfc@linuxacademygclabs.com",
                            "project": "playground-s-11-451104ad",
                            "role": "roles/cloudiot.admin"
                        },
                        "meta": {
                            "schema_version": 0
                        },
                        "tainted": false
                    },
                    "deposed": [],
                    "provider": "provider.google"
                },
                "google_project_iam_member.tfer--roles-002F-cloudkms-002E-adminuser-003A-cloud_user_p_4ab9ccfc-0040-linuxacademygclabs-002E-com": {
                    "type": "google_project_iam_member",
                    "depends_on": [],
                    "primary": {
                        "id": "roles/cloudkms.adminuser:cloud_user_p_4ab9ccfc@linuxacademygclabs.com",
                        "attributes": {
                            "etag": "BwXdzW7Ljbg=",
                            "id": "roles/cloudkms.adminuser:cloud_user_p_4ab9ccfc@linuxacademygclabs.com",
                            "member": "user:cloud_user_p_4ab9ccfc@linuxacademygclabs.com",
                            "project": "playground-s-11-451104ad",
                            "role": "roles/cloudkms.admin"
                        },
                        "meta": {
                            "schema_version": 0
                        },
                        "tainted": false
                    },
                    "deposed": [],
                    "provider": "provider.google"
                },
                "google_project_iam_member.tfer--roles-002F-cloudkms-002E-cryptoKeyEncrypterDecrypteruser-003A-cloud_user_p_4ab9ccfc-0040-linuxacademygclabs-002E-com": {
                    "type": "google_project_iam_member",
                    "depends_on": [],
                    "primary": {
                        "id": "roles/cloudkms.cryptoKeyEncrypterDecrypteruser:cloud_user_p_4ab9ccfc@linuxacademygclabs.com",
                        "attributes": {
                            "etag": "BwXdzW7Ljbg=",
                            "id": "roles/cloudkms.cryptoKeyEncrypterDecrypteruser:cloud_user_p_4ab9ccfc@linuxacademygclabs.com",
                            "member": "user:cloud_user_p_4ab9ccfc@linuxacademygclabs.com",
                            "project": "playground-s-11-451104ad",
                            "role": "roles/cloudkms.cryptoKeyEncrypterDecrypter"
                        },
                        "meta": {
                            "schema_version": 0
                        },
                        "tainted": false
                    },
                    "deposed": [],
                    "provider": "provider.google"
                },
                "google_project_iam_member.tfer--roles-002F-cloudsql-002E-adminuser-003A-cloud_user_p_4ab9ccfc-0040-linuxacademygclabs-002E-com": {
                    "type": "google_project_iam_member",
                    "depends_on": [],
                    "primary": {
                        "id": "roles/cloudsql.adminuser:cloud_user_p_4ab9ccfc@linuxacademygclabs.com",
                        "attributes": {
                            "etag": "BwXdzW7Ljbg=",
                            "id": "roles/cloudsql.adminuser:cloud_user_p_4ab9ccfc@linuxacademygclabs.com",
                            "member": "user:cloud_user_p_4ab9ccfc@linuxacademygclabs.com",
                            "project": "playground-s-11-451104ad",
                            "role": "roles/cloudsql.admin"
                        },
                        "meta": {
                            "schema_version": 0
                        },
                        "tainted": false
                    },
                    "deposed": [],
                    "provider": "provider.google"
                },
                "google_project_iam_member.tfer--roles-002F-cloudtrace-002E-adminuser-003A-cloud_user_p_4ab9ccfc-0040-linuxacademygclabs-002E-com": {
                    "type": "google_project_iam_member",
                    "depends_on": [],
                    "primary": {
                        "id": "roles/cloudtrace.adminuser:cloud_user_p_4ab9ccfc@linuxacademygclabs.com",
                        "attributes": {
                            "etag": "BwXdzW7Ljbg=",
                            "id": "roles/cloudtrace.adminuser:cloud_user_p_4ab9ccfc@linuxacademygclabs.com",
                            "member": "user:cloud_user_p_4ab9ccfc@linuxacademygclabs.com",
                            "project": "playground-s-11-451104ad",
                            "role": "roles/cloudtrace.admin"
                        },
                        "meta": {
                            "schema_version": 0
                        },
                        "tainted": false
                    },
                    "deposed": [],
                    "provider": "provider.google"
                },
                "google_project_iam_member.tfer--roles-002F-composer-002E-adminuser-003A-cloud_user_p_4ab9ccfc-0040-linuxacademygclabs-002E-com": {
                    "type": "google_project_iam_member",
                    "depends_on": [],
                    "primary": {
                        "id": "roles/composer.adminuser:cloud_user_p_4ab9ccfc@linuxacademygclabs.com",
                        "attributes": {
                            "etag": "BwXdzW7Ljbg=",
                            "id": "roles/composer.adminuser:cloud_user_p_4ab9ccfc@linuxacademygclabs.com",
                            "member": "user:cloud_user_p_4ab9ccfc@linuxacademygclabs.com",
                            "project": "playground-s-11-451104ad",
                            "role": "roles/composer.admin"
                        },
                        "meta": {
                            "schema_version": 0
                        },
                        "tainted": false
                    },
                    "deposed": [],
                    "provider": "provider.google"
                },
                "google_project_iam_member.tfer--roles-002F-compute-002E-adminuser-003A-cloud_user_p_4ab9ccfc-0040-linuxacademygclabs-002E-com": {
                    "type": "google_project_iam_member",
                    "depends_on": [],
                    "primary": {
                        "id": "roles/compute.adminuser:cloud_user_p_4ab9ccfc@linuxacademygclabs.com",
                        "attributes": {
                            "etag": "BwXdzW7Ljbg=",
                            "id": "roles/compute.adminuser:cloud_user_p_4ab9ccfc@linuxacademygclabs.com",
                            "member": "user:cloud_user_p_4ab9ccfc@linuxacademygclabs.com",
                            "project": "playground-s-11-451104ad",
                            "role": "roles/compute.admin"
                        },
                        "meta": {
                            "schema_version": 0
                        },
                        "tainted": false
                    },
                    "deposed": [],
                    "provider": "provider.google"
                },
                "google_project_iam_member.tfer--roles-002F-compute-002E-serviceAgentserviceAccount-003A-service-1031588193130-0040-compute-system-002E-iam-002E-gserviceaccount-002E-com": {
                    "type": "google_project_iam_member",
                    "depends_on": [],
                    "primary": {
                        "id": "roles/compute.serviceAgentserviceAccount:service-1031588193130@compute-system.iam.gserviceaccount.com",
                        "attributes": {
                            "etag": "BwXdzW7Ljbg=",
                            "id": "roles/compute.serviceAgentserviceAccount:service-1031588193130@compute-system.iam.gserviceaccount.com",
                            "member": "serviceAccount:service-1031588193130@compute-system.iam.gserviceaccount.com",
                            "project": "playground-s-11-451104ad",
                            "role": "roles/compute.serviceAgent"
                        },
                        "meta": {
                            "schema_version": 0
                        },
                        "tainted": false
                    },
                    "deposed": [],
                    "provider": "provider.google"
                },
                "google_project_iam_member.tfer--roles-002F-container-002E-adminuser-003A-cloud_user_p_4ab9ccfc-0040-linuxacademygclabs-002E-com": {
                    "type": "google_project_iam_member",
                    "depends_on": [],
                    "primary": {
                        "id": "roles/container.adminuser:cloud_user_p_4ab9ccfc@linuxacademygclabs.com",
                        "attributes": {
                            "etag": "BwXdzW7Ljbg=",
                            "id": "roles/container.adminuser:cloud_user_p_4ab9ccfc@linuxacademygclabs.com",
                            "member": "user:cloud_user_p_4ab9ccfc@linuxacademygclabs.com",
                            "project": "playground-s-11-451104ad",
                            "role": "roles/container.admin"
                        },
                        "meta": {
                            "schema_version": 0
                        },
                        "tainted": false
                    },
                    "deposed": [],
                    "provider": "provider.google"
                },
                "google_project_iam_member.tfer--roles-002F-dataflow-002E-developeruser-003A-cloud_user_p_4ab9ccfc-0040-linuxacademygclabs-002E-com": {
                    "type": "google_project_iam_member",
                    "depends_on": [],
                    "primary": {
                        "id": "roles/dataflow.developeruser:cloud_user_p_4ab9ccfc@linuxacademygclabs.com",
                        "attributes": {
                            "etag": "BwXdzW7Ljbg=",
                            "id": "roles/dataflow.developeruser:cloud_user_p_4ab9ccfc@linuxacademygclabs.com",
                            "member": "user:cloud_user_p_4ab9ccfc@linuxacademygclabs.com",
                            "project": "playground-s-11-451104ad",
                            "role": "roles/dataflow.developer"
                        },
                        "meta": {
                            "schema_version": 0
                        },
                        "tainted": false
                    },
                    "deposed": [],
                    "provider": "provider.google"
                },
                "google_project_iam_member.tfer--roles-002F-datamigration-002E-serviceAgentserviceAccount-003A-service-1031588193130-0040-gcp-sa-datamigration-002E-iam-002E-gserviceaccount-002E-com": {
                    "type": "google_project_iam_member",
                    "depends_on": [],
                    "primary": {
                        "id": "roles/datamigration.serviceAgentserviceAccount:service-1031588193130@gcp-sa-datamigration.iam.gserviceaccount.com",
                        "attributes": {
                            "etag": "BwXdzW7Ljbg=",
                            "id": "roles/datamigration.serviceAgentserviceAccount:service-1031588193130@gcp-sa-datamigration.iam.gserviceaccount.com",
                            "member": "serviceAccount:service-1031588193130@gcp-sa-datamigration.iam.gserviceaccount.com",
                            "project": "playground-s-11-451104ad",
                            "role": "roles/datamigration.serviceAgent"
                        },
                        "meta": {
                            "schema_version": 0
                        },
                        "tainted": false
                    },
                    "deposed": [],
                    "provider": "provider.google"
                },
                "google_project_iam_member.tfer--roles-002F-dataproc-002E-editoruser-003A-cloud_user_p_4ab9ccfc-0040-linuxacademygclabs-002E-com": {
                    "type": "google_project_iam_member",
                    "depends_on": [],
                    "primary": {
                        "id": "roles/dataproc.editoruser:cloud_user_p_4ab9ccfc@linuxacademygclabs.com",
                        "attributes": {
                            "etag": "BwXdzW7Ljbg=",
                            "id": "roles/dataproc.editoruser:cloud_user_p_4ab9ccfc@linuxacademygclabs.com",
                            "member": "user:cloud_user_p_4ab9ccfc@linuxacademygclabs.com",
                            "project": "playground-s-11-451104ad",
                            "role": "roles/dataproc.editor"
                        },
                        "meta": {
                            "schema_version": 0
                        },
                        "tainted": false
                    },
                    "deposed": [],
                    "provider": "provider.google"
                },
                "google_project_iam_member.tfer--roles-002F-deploymentmanager-002E-editoruser-003A-cloud_user_p_4ab9ccfc-0040-linuxacademygclabs-002E-com": {
                    "type": "google_project_iam_member",
                    "depends_on": [],
                    "primary": {
                        "id": "roles/deploymentmanager.editoruser:cloud_user_p_4ab9ccfc@linuxacademygclabs.com",
                        "attributes": {
                            "etag": "BwXdzW7Ljbg=",
                            "id": "roles/deploymentmanager.editoruser:cloud_user_p_4ab9ccfc@linuxacademygclabs.com",
                            "member": "user:cloud_user_p_4ab9ccfc@linuxacademygclabs.com",
                            "project": "playground-s-11-451104ad",
                            "role": "roles/deploymentmanager.editor"
                        },
                        "meta": {
                            "schema_version": 0
                        },
                        "tainted": false
                    },
                    "deposed": [],
                    "provider": "provider.google"
                },
                "google_project_iam_member.tfer--roles-002F-dialogflow-002E-adminuser-003A-cloud_user_p_4ab9ccfc-0040-linuxacademygclabs-002E-com": {
                    "type": "google_project_iam_member",
                    "depends_on": [],
                    "primary": {
                        "id": "roles/dialogflow.adminuser:cloud_user_p_4ab9ccfc@linuxacademygclabs.com",
                        "attributes": {
                            "etag": "BwXdzW7Ljbg=",
                            "id": "roles/dialogflow.adminuser:cloud_user_p_4ab9ccfc@linuxacademygclabs.com",
                            "member": "user:cloud_user_p_4ab9ccfc@linuxacademygclabs.com",
                            "project": "playground-s-11-451104ad",
                            "role": "roles/dialogflow.admin"
                        },
                        "meta": {
                            "schema_version": 0
                        },
                        "tainted": false
                    },
                    "deposed": [],
                    "provider": "provider.google"
                },
                "google_project_iam_member.tfer--roles-002F-dlp-002E-adminuser-003A-cloud_user_p_4ab9ccfc-0040-linuxacademygclabs-002E-com": {
                    "type": "google_project_iam_member",
                    "depends_on": [],
                    "primary": {
                        "id": "roles/dlp.adminuser:cloud_user_p_4ab9ccfc@linuxacademygclabs.com",
                        "attributes": {
                            "etag": "BwXdzW7Ljbg=",
                            "id": "roles/dlp.adminuser:cloud_user_p_4ab9ccfc@linuxacademygclabs.com",
                            "member": "user:cloud_user_p_4ab9ccfc@linuxacademygclabs.com",
                            "project": "playground-s-11-451104ad",
                            "role": "roles/dlp.admin"
                        },
                        "meta": {
                            "schema_version": 0
                        },
                        "tainted": false
                    },
                    "deposed": [],
                    "provider": "provider.google"
                },
                "google_project_iam_member.tfer--roles-002F-dns-002E-adminuser-003A-cloud_user_p_4ab9ccfc-0040-linuxacademygclabs-002E-com": {
                    "type": "google_project_iam_member",
                    "depends_on": [],
                    "primary": {
                        "id": "roles/dns.adminuser:cloud_user_p_4ab9ccfc@linuxacademygclabs.com",
                        "attributes": {
                            "etag": "BwXdzW7Ljbg=",
                            "id": "roles/dns.adminuser:cloud_user_p_4ab9ccfc@linuxacademygclabs.com",
                            "member": "user:cloud_user_p_4ab9ccfc@linuxacademygclabs.com",
                            "project": "playground-s-11-451104ad",
                            "role": "roles/dns.admin"
                        },
                        "meta": {
                            "schema_version": 0
                        },
                        "tainted": false
                    },
                    "deposed": [],
                    "provider": "provider.google"
                },
                "google_project_iam_member.tfer--roles-002F-editorserviceAccount-003A-1031588193130-0040-cloudservices-002E-gserviceaccount-002E-com": {
                    "type": "google_project_iam_member",
                    "depends_on": [],
                    "primary": {
                        "id": "roles/editorserviceAccount:1031588193130@cloudservices.gserviceaccount.com",
                        "attributes": {
                            "etag": "BwXdzW7Ljbg=",
                            "id": "roles/editorserviceAccount:1031588193130@cloudservices.gserviceaccount.com",
                            "member": "serviceAccount:1031588193130@cloudservices.gserviceaccount.com",
                            "project": "playground-s-11-451104ad",
                            "role": "roles/editor"
                        },
                        "meta": {
                            "schema_version": 0
                        },
                        "tainted": false
                    },
                    "deposed": [],
                    "provider": "provider.google"
                },
                "google_project_iam_member.tfer--roles-002F-editorserviceAccount-003A-1031588193130-compute-0040-developer-002E-gserviceaccount-002E-com": {
                    "type": "google_project_iam_member",
                    "depends_on": [],
                    "primary": {
                        "id": "roles/editorserviceAccount:1031588193130-compute@developer.gserviceaccount.com",
                        "attributes": {
                            "etag": "BwXdzW7Ljbg=",
                            "id": "roles/editorserviceAccount:1031588193130-compute@developer.gserviceaccount.com",
                            "member": "serviceAccount:1031588193130-compute@developer.gserviceaccount.com",
                            "project": "playground-s-11-451104ad",
                            "role": "roles/editor"
                        },
                        "meta": {
                            "schema_version": 0
                        },
                        "tainted": false
                    },
                    "deposed": [],
                    "provider": "provider.google"
                },
                "google_project_iam_member.tfer--roles-002F-editoruser-003A-cloud_user_p_4ab9ccfc-0040-linuxacademygclabs-002E-com": {
                    "type": "google_project_iam_member",
                    "depends_on": [],
                    "primary": {
                        "id": "roles/editoruser:cloud_user_p_4ab9ccfc@linuxacademygclabs.com",
                        "attributes": {
                            "etag": "BwXdzW7Ljbg=",
                            "id": "roles/editoruser:cloud_user_p_4ab9ccfc@linuxacademygclabs.com",
                            "member": "user:cloud_user_p_4ab9ccfc@linuxacademygclabs.com",
                            "project": "playground-s-11-451104ad",
                            "role": "roles/editor"
                        },
                        "meta": {
                            "schema_version": 0
                        },
                        "tainted": false
                    },
                    "deposed": [],
                    "provider": "provider.google"
                },
                "google_project_iam_member.tfer--roles-002F-endpoints-002E-portalAdminuser-003A-cloud_user_p_4ab9ccfc-0040-linuxacademygclabs-002E-com": {
                    "type": "google_project_iam_member",
                    "depends_on": [],
                    "primary": {
                        "id": "roles/endpoints.portalAdminuser:cloud_user_p_4ab9ccfc@linuxacademygclabs.com",
                        "attributes": {
                            "etag": "BwXdzW7Ljbg=",
                            "id": "roles/endpoints.portalAdminuser:cloud_user_p_4ab9ccfc@linuxacademygclabs.com",
                            "member": "user:cloud_user_p_4ab9ccfc@linuxacademygclabs.com",
                            "project": "playground-s-11-451104ad",
                            "role": "roles/endpoints.portalAdmin"
                        },
                        "meta": {
                            "schema_version": 0
                        },
                        "tainted": false
                    },
                    "deposed": [],
                    "provider": "provider.google"
                },
                "google_project_iam_member.tfer--roles-002F-errorreporting-002E-adminuser-003A-cloud_user_p_4ab9ccfc-0040-linuxacademygclabs-002E-com": {
                    "type": "google_project_iam_member",
                    "depends_on": [],
                    "primary": {
                        "id": "roles/errorreporting.adminuser:cloud_user_p_4ab9ccfc@linuxacademygclabs.com",
                        "attributes": {
                            "etag": "BwXdzW7Ljbg=",
                            "id": "roles/errorreporting.adminuser:cloud_user_p_4ab9ccfc@linuxacademygclabs.com",
                            "member": "user:cloud_user_p_4ab9ccfc@linuxacademygclabs.com",
                            "project": "playground-s-11-451104ad",
                            "role": "roles/errorreporting.admin"
                        },
                        "meta": {
                            "schema_version": 0
                        },
                        "tainted": false
                    },
                    "deposed": [],
                    "provider": "provider.google"
                },
                "google_project_iam_member.tfer--roles-002F-iam-002E-serviceAccountUseruser-003A-cloud_user_p_4ab9ccfc-0040-linuxacademygclabs-002E-com": {
                    "type": "google_project_iam_member",
                    "depends_on": [],
                    "primary": {
                        "id": "roles/iam.serviceAccountUseruser:cloud_user_p_4ab9ccfc@linuxacademygclabs.com",
                        "attributes": {
                            "etag": "BwXdzW7Ljbg=",
                            "id": "roles/iam.serviceAccountUseruser:cloud_user_p_4ab9ccfc@linuxacademygclabs.com",
                            "member": "user:cloud_user_p_4ab9ccfc@linuxacademygclabs.com",
                            "project": "playground-s-11-451104ad",
                            "role": "roles/iam.serviceAccountUser"
                        },
                        "meta": {
                            "schema_version": 0
                        },
                        "tainted": false
                    },
                    "deposed": [],
                    "provider": "provider.google"
                },
                "google_project_iam_member.tfer--roles-002F-logging-002E-adminuser-003A-cloud_user_p_4ab9ccfc-0040-linuxacademygclabs-002E-com": {
                    "type": "google_project_iam_member",
                    "depends_on": [],
                    "primary": {
                        "id": "roles/logging.adminuser:cloud_user_p_4ab9ccfc@linuxacademygclabs.com",
                        "attributes": {
                            "etag": "BwXdzW7Ljbg=",
                            "id": "roles/logging.adminuser:cloud_user_p_4ab9ccfc@linuxacademygclabs.com",
                            "member": "user:cloud_user_p_4ab9ccfc@linuxacademygclabs.com",
                            "project": "playground-s-11-451104ad",
                            "role": "roles/logging.admin"
                        },
                        "meta": {
                            "schema_version": 0
                        },
                        "tainted": false
                    },
                    "deposed": [],
                    "provider": "provider.google"
                },
                "google_project_iam_member.tfer--roles-002F-ml-002E-adminuser-003A-cloud_user_p_4ab9ccfc-0040-linuxacademygclabs-002E-com": {
                    "type": "google_project_iam_member",
                    "depends_on": [],
                    "primary": {
                        "id": "roles/ml.adminuser:cloud_user_p_4ab9ccfc@linuxacademygclabs.com",
                        "attributes": {
                            "etag": "BwXdzW7Ljbg=",
                            "id": "roles/ml.adminuser:cloud_user_p_4ab9ccfc@linuxacademygclabs.com",
                            "member": "user:cloud_user_p_4ab9ccfc@linuxacademygclabs.com",
                            "project": "playground-s-11-451104ad",
                            "role": "roles/ml.admin"
                        },
                        "meta": {
                            "schema_version": 0
                        },
                        "tainted": false
                    },
                    "deposed": [],
                    "provider": "provider.google"
                },
                "google_project_iam_member.tfer--roles-002F-monitoring-002E-adminuser-003A-cloud_user_p_4ab9ccfc-0040-linuxacademygclabs-002E-com": {
                    "type": "google_project_iam_member",
                    "depends_on": [],
                    "primary": {
                        "id": "roles/monitoring.adminuser:cloud_user_p_4ab9ccfc@linuxacademygclabs.com",
                        "attributes": {
                            "etag": "BwXdzW7Ljbg=",
                            "id": "roles/monitoring.adminuser:cloud_user_p_4ab9ccfc@linuxacademygclabs.com",
                            "member": "user:cloud_user_p_4ab9ccfc@linuxacademygclabs.com",
                            "project": "playground-s-11-451104ad",
                            "role": "roles/monitoring.admin"
                        },
                        "meta": {
                            "schema_version": 0
                        },
                        "tainted": false
                    },
                    "deposed": [],
                    "provider": "provider.google"
                },
                "google_project_iam_member.tfer--roles-002F-ownerserviceAccount-003A-1031588193130-0040-cloudservices-002E-gserviceaccount-002E-com": {
                    "type": "google_project_iam_member",
                    "depends_on": [],
                    "primary": {
                        "id": "roles/ownerserviceAccount:1031588193130@cloudservices.gserviceaccount.com",
                        "attributes": {
                            "etag": "BwXdzW7Ljbg=",
                            "id": "roles/ownerserviceAccount:1031588193130@cloudservices.gserviceaccount.com",
                            "member": "serviceAccount:1031588193130@cloudservices.gserviceaccount.com",
                            "project": "playground-s-11-451104ad",
                            "role": "roles/owner"
                        },
                        "meta": {
                            "schema_version": 0
                        },
                        "tainted": false
                    },
                    "deposed": [],
                    "provider": "provider.google"
                },
                "google_project_iam_member.tfer--roles-002F-ownerserviceAccount-003A-919628400850-0040-cloudservices-002E-gserviceaccount-002E-com": {
                    "type": "google_project_iam_member",
                    "depends_on": [],
                    "primary": {
                        "id": "roles/ownerserviceAccount:919628400850@cloudservices.gserviceaccount.com",
                        "attributes": {
                            "etag": "BwXdzW7Ljbg=",
                            "id": "roles/ownerserviceAccount:919628400850@cloudservices.gserviceaccount.com",
                            "member": "serviceAccount:919628400850@cloudservices.gserviceaccount.com",
                            "project": "playground-s-11-451104ad",
                            "role": "roles/owner"
                        },
                        "meta": {
                            "schema_version": 0
                        },
                        "tainted": false
                    },
                    "deposed": [],
                    "provider": "provider.google"
                },
                "google_project_iam_member.tfer--roles-002F-pubsub-002E-adminuser-003A-cloud_user_p_4ab9ccfc-0040-linuxacademygclabs-002E-com": {
                    "type": "google_project_iam_member",
                    "depends_on": [],
                    "primary": {
                        "id": "roles/pubsub.adminuser:cloud_user_p_4ab9ccfc@linuxacademygclabs.com",
                        "attributes": {
                            "etag": "BwXdzW7Ljbg=",
                            "id": "roles/pubsub.adminuser:cloud_user_p_4ab9ccfc@linuxacademygclabs.com",
                            "member": "user:cloud_user_p_4ab9ccfc@linuxacademygclabs.com",
                            "project": "playground-s-11-451104ad",
                            "role": "roles/pubsub.admin"
                        },
                        "meta": {
                            "schema_version": 0
                        },
                        "tainted": false
                    },
                    "deposed": [],
                    "provider": "provider.google"
                },
                "google_project_iam_member.tfer--roles-002F-redis-002E-adminuser-003A-cloud_user_p_4ab9ccfc-0040-linuxacademygclabs-002E-com": {
                    "type": "google_project_iam_member",
                    "depends_on": [],
                    "primary": {
                        "id": "roles/redis.adminuser:cloud_user_p_4ab9ccfc@linuxacademygclabs.com",
                        "attributes": {
                            "etag": "BwXdzW7Ljbg=",
                            "id": "roles/redis.adminuser:cloud_user_p_4ab9ccfc@linuxacademygclabs.com",
                            "member": "user:cloud_user_p_4ab9ccfc@linuxacademygclabs.com",
                            "project": "playground-s-11-451104ad",
                            "role": "roles/redis.admin"
                        },
                        "meta": {
                            "schema_version": 0
                        },
                        "tainted": false
                    },
                    "deposed": [],
                    "provider": "provider.google"
                },
                "google_project_iam_member.tfer--roles-002F-source-002E-adminuser-003A-cloud_user_p_4ab9ccfc-0040-linuxacademygclabs-002E-com": {
                    "type": "google_project_iam_member",
                    "depends_on": [],
                    "primary": {
                        "id": "roles/source.adminuser:cloud_user_p_4ab9ccfc@linuxacademygclabs.com",
                        "attributes": {
                            "etag": "BwXdzW7Ljbg=",
                            "id": "roles/source.adminuser:cloud_user_p_4ab9ccfc@linuxacademygclabs.com",
                            "member": "user:cloud_user_p_4ab9ccfc@linuxacademygclabs.com",
                            "project": "playground-s-11-451104ad",
                            "role": "roles/source.admin"
                        },
                        "meta": {
                            "schema_version": 0
                        },
                        "tainted": false
                    },
                    "deposed": [],
                    "provider": "provider.google"
                },
                "google_project_iam_member.tfer--roles-002F-spanner-002E-adminuser-003A-cloud_user_p_4ab9ccfc-0040-linuxacademygclabs-002E-com": {
                    "type": "google_project_iam_member",
                    "depends_on": [],
                    "primary": {
                        "id": "roles/spanner.adminuser:cloud_user_p_4ab9ccfc@linuxacademygclabs.com",
                        "attributes": {
                            "etag": "BwXdzW7Ljbg=",
                            "id": "roles/spanner.adminuser:cloud_user_p_4ab9ccfc@linuxacademygclabs.com",
                            "member": "user:cloud_user_p_4ab9ccfc@linuxacademygclabs.com",
                            "project": "playground-s-11-451104ad",
                            "role": "roles/spanner.admin"
                        },
                        "meta": {
                            "schema_version": 0
                        },
                        "tainted": false
                    },
                    "deposed": [],
                    "provider": "provider.google"
                },
                "google_project_iam_member.tfer--roles-002F-spanner-002E-databaseAdminuser-003A-cloud_user_p_4ab9ccfc-0040-linuxacademygclabs-002E-com": {
                    "type": "google_project_iam_member",
                    "depends_on": [],
                    "primary": {
                        "id": "roles/spanner.databaseAdminuser:cloud_user_p_4ab9ccfc@linuxacademygclabs.com",
                        "attributes": {
                            "etag": "BwXdzW7Ljbg=",
                            "id": "roles/spanner.databaseAdminuser:cloud_user_p_4ab9ccfc@linuxacademygclabs.com",
                            "member": "user:cloud_user_p_4ab9ccfc@linuxacademygclabs.com",
                            "project": "playground-s-11-451104ad",
                            "role": "roles/spanner.databaseAdmin"
                        },
                        "meta": {
                            "schema_version": 0
                        },
                        "tainted": false
                    },
                    "deposed": [],
                    "provider": "provider.google"
                },
                "google_project_iam_member.tfer--roles-002F-storage-002E-adminuser-003A-cloud_user_p_4ab9ccfc-0040-linuxacademygclabs-002E-com": {
                    "type": "google_project_iam_member",
                    "depends_on": [],
                    "primary": {
                        "id": "roles/storage.adminuser:cloud_user_p_4ab9ccfc@linuxacademygclabs.com",
                        "attributes": {
                            "etag": "BwXdzW7Ljbg=",
                            "id": "roles/storage.adminuser:cloud_user_p_4ab9ccfc@linuxacademygclabs.com",
                            "member": "user:cloud_user_p_4ab9ccfc@linuxacademygclabs.com",
                            "project": "playground-s-11-451104ad",
                            "role": "roles/storage.admin"
                        },
                        "meta": {
                            "schema_version": 0
                        },
                        "tainted": false
                    },
                    "deposed": [],
                    "provider": "provider.google"
                },
                "google_project_iam_member.tfer--roles-002F-vieweruser-003A-cloud_user_p_4ab9ccfc-0040-linuxacademygclabs-002E-com": {
                    "type": "google_project_iam_member",
                    "depends_on": [],
                    "primary": {
                        "id": "roles/vieweruser:cloud_user_p_4ab9ccfc@linuxacademygclabs.com",
                        "attributes": {
                            "etag": "BwXdzW7Ljbg=",
                            "id": "roles/vieweruser:cloud_user_p_4ab9ccfc@linuxacademygclabs.com",
                            "member": "user:cloud_user_p_4ab9ccfc@linuxacademygclabs.com",
                            "project": "playground-s-11-451104ad",
                            "role": "roles/viewer"
                        },
                        "meta": {
                            "schema_version": 0
                        },
                        "tainted": false
                    },
                    "deposed": [],
                    "provider": "provider.google"
                },
                "google_service_account.tfer--113340353749836224741": {
                    "type": "google_service_account",
                    "depends_on": [],
                    "primary": {
                        "id": "projects/playground-s-11-451104ad/serviceAccounts/cli-service-account-1@playground-s-11-451104ad.iam.gserviceaccount.com",
                        "attributes": {
                            "account_id": "cli-service-account-1",
                            "description": "",
                            "display_name": "cli-service-account-1",
                            "email": "cli-service-account-1@playground-s-11-451104ad.iam.gserviceaccount.com",
                            "id": "projects/playground-s-11-451104ad/serviceAccounts/cli-service-account-1@playground-s-11-451104ad.iam.gserviceaccount.com",
                            "name": "projects/playground-s-11-451104ad/serviceAccounts/cli-service-account-1@playground-s-11-451104ad.iam.gserviceaccount.com",
                            "project": "playground-s-11-451104ad",
                            "unique_id": "113340353749836224741"
                        },
                        "meta": {
                            "schema_version": 0
                        },
                        "tainted": false
                    },
                    "deposed": [],
                    "provider": "provider.google"
                }
            },
            "depends_on": []
        }
    ]
}
