{
  "version": 4,
  "terraform_version": "1.1.9",
  "serial": 176,
  "lineage": "5f00b2b6-695e-3ea9-4fe3-7e724d38bb82",
  "outputs": {},
  "resources": [
    {
      "mode": "managed",
      "type": "google_sql_database_instance",
      "name": "main",
      "provider": "provider[\"registry.terraform.io/hashicorp/google\"]",
      "instances": [
        {
          "schema_version": 0,
          "attributes": {
            "clone": [],
            "connection_name": "playground-s-11-733837c8:us-central1:postgres-cloudsql1",
            "database_version": "POSTGRES_14",
            "deletion_protection": false,
            "first_ip_address": "34.123.97.210",
            "id": "postgres-cloudsql1",
            "ip_address": [
              {
                "ip_address": "34.123.97.210",
                "time_to_retire": "",
                "type": "PRIMARY"
              },
              {
                "ip_address": "34.133.112.197",
                "time_to_retire": "",
                "type": "OUTGOING"
              }
            ],
            "master_instance_name": "",
            "name": "postgres-cloudsql1",
            "private_ip_address": "",
            "project": "playground-s-11-733837c8",
            "public_ip_address": "34.123.97.210",
            "region": "us-central1",
            "replica_configuration": [],
            "restore_backup_context": [],
            "root_password": null,
            "self_link": "https://sqladmin.googleapis.com/sql/v1beta4/projects/playground-s-11-733837c8/instances/postgres-cloudsql1",
            "server_ca_cert": [
              {
                "cert": "-----BEGIN CERTIFICATE-----\nMIIDfzCCAmegAwIBAgIBADANBgkqhkiG9w0BAQsFADB3MS0wKwYDVQQuEyRiNTMw\nY2NiNC1hOWUxLTRhYWMtYTdhZi0yOWQyMDQ1MjAwMGIxIzAhBgNVBAMTGkdvb2ds\nZSBDbG91ZCBTUUwgU2VydmVyIENBMRQwEgYDVQQKEwtHb29nbGUsIEluYzELMAkG\nA1UEBhMCVVMwHhcNMjIwNTA5MjA0NzI3WhcNMzIwNTA2MjA0ODI3WjB3MS0wKwYD\nVQQuEyRiNTMwY2NiNC1hOWUxLTRhYWMtYTdhZi0yOWQyMDQ1MjAwMGIxIzAhBgNV\nBAMTGkdvb2dsZSBDbG91ZCBTUUwgU2VydmVyIENBMRQwEgYDVQQKEwtHb29nbGUs\nIEluYzELMAkGA1UEBhMCVVMwggEiMA0GCSqGSIb3DQEBAQUAA4IBDwAwggEKAoIB\nAQCVD8AdfwrFEMZilSj/zQq+Tv9RF3zwS5W4m3lBfIlF3Xl+/wMWXyVO4PZZLHN2\nzrn0atxhLNzn6Mx/oMs4TrotY6NWAunmvKFb3TuCrZSbi88cxVtUt1AFHUva54lA\ncVBg11xVoUW+T0pdMnmylpOAU7bRCvyOSke7+oZJvZd8wYpe+7ZTkhs1bHyPLLvJ\n30RtENUCJI5kEcOXJnobBsybiCMhEbOgJXOmJqs7NXHMpnuKxjfTkzT8py7KnvqS\ncwWDLmSqMihWmNZ568DPXhCsm8tAFhUcnEigy6RLL2ucsmO44bMezHRhaKtlcWFJ\nl/kp6/0F1+VpT3bTMxtAGTwlAgMBAAGjFjAUMBIGA1UdEwEB/wQIMAYBAf8CAQAw\nDQYJKoZIhvcNAQELBQADggEBAEY+jYCiudU0Yuq4WOFSnTZJGd+z5UQGStPIXWba\nM6TG+PQC072G/0AcmZtVdVeDqg3K3oyD6+f059AZ/piE7lvuqOKal5+Smd8vyjPD\n2aajD1GprCkQzu9Koo0IYdmWfHfQLF2ecpoM8M/prp7PcyEXYl8rWMP+UFU1Hocx\nKferERScFEvWkZjKCAA7uGR7cHPNBIYdPW8cJOyFS4g+bzV0yuEW5tbTSGqzIXUG\nXD4N3FwkTvIGyrwcL9IyK0x7TfdGD1C4cN23xPrwa4Fp7+CW35l0ooKfwbF4dWM9\n09UKhoAfkCiM+n2SKqcxaOkN9KXKB9KncJ2PJc7fdygqBqc=\n-----END CERTIFICATE-----",
                "common_name": "C=US,O=Google\\, Inc,CN=Google Cloud SQL Server CA,dnQualifier=b530ccb4-a9e1-4aac-a7af-29d20452000b",
                "create_time": "2022-05-09T20:47:27.793Z",
                "expiration_time": "2032-05-06T20:48:27.793Z",
                "sha1_fingerprint": "4c6c21be9a15bef54044a2f72980eef899e47643"
              }
            ],
            "service_account_email_address": "p221801367759-6dhsfd@gcp-sa-cloud-sql.iam.gserviceaccount.com",
            "settings": [
              {
                "activation_policy": "ALWAYS",
                "availability_type": "ZONAL",
                "backup_configuration": [
                  {
                    "backup_retention_settings": [
                      {
                        "retained_backups": 7,
                        "retention_unit": "COUNT"
                      }
                    ],
                    "binary_log_enabled": false,
                    "enabled": false,
                    "location": "",
                    "point_in_time_recovery_enabled": false,
                    "start_time": "13:00",
                    "transaction_log_retention_days": 7
                  }
                ],
                "collation": "",
                "database_flags": [
                  {
                    "name": "cloudsql.logical_decoding",
                    "value": "on"
                  },
                  {
                    "name": "max_replication_slots",
                    "value": "10"
                  },
                  {
                    "name": "max_wal_senders",
                    "value": "10"
                  },
                  {
                    "name": "max_worker_processes",
                    "value": "8"
                  }
                ],
                "disk_autoresize": true,
                "disk_autoresize_limit": 0,
                "disk_size": 10,
                "disk_type": "PD_SSD",
                "insights_config": [],
                "ip_configuration": [
                  {
                    "allocated_ip_range": "",
                    "authorized_networks": [
                      {
                        "expiration_time": "",
                        "name": "Internet",
                        "value": "0.0.0.0/0"
                      }
                    ],
                    "ipv4_enabled": true,
                    "private_network": "",
                    "require_ssl": false
                  }
                ],
                "location_preference": [
                  {
                    "follow_gae_application": "",
                    "zone": "us-central1-a"
                  }
                ],
                "maintenance_window": [],
                "pricing_plan": "PER_USE",
                "tier": "db-f1-micro",
                "user_labels": {},
                "version": 2
              }
            ],
            "timeouts": null
          },
          "sensitive_attributes": [],
          "private": "eyJlMmJmYjczMC1lY2FhLTExZTYtOGY4OC0zNDM2M2JjN2M0YzAiOnsiY3JlYXRlIjoxODAwMDAwMDAwMDAwLCJkZWxldGUiOjE4MDAwMDAwMDAwMDAsInVwZGF0ZSI6MTgwMDAwMDAwMDAwMH19"
        }
      ]
    }
  ]
}
