{
    "version": 3,
    "terraform_version": "0.12.31",
    "serial": 1,
    "lineage": "dc85ee2f-a498-29e3-f025-cd76fe824e02",
    "modules": [
        {
            "path": [
                "root"
            ],
            "outputs": {
                "google_compute_route_tfer--default-route-01fd1ebc5b0da9fa_self_link": {
                    "sensitive": false,
                    "type": "string",
                    "value": "https://www.googleapis.com/compute/v1/projects/playground-s-11-451104ad/global/routes/default-route-01fd1ebc5b0da9fa"
                },
                "google_compute_route_tfer--default-route-0f306adb707c98a9_self_link": {
                    "sensitive": false,
                    "type": "string",
                    "value": "https://www.googleapis.com/compute/v1/projects/playground-s-11-451104ad/global/routes/default-route-0f306adb707c98a9"
                },
                "google_compute_route_tfer--default-route-180ad5a0176a2aa3_self_link": {
                    "sensitive": false,
                    "type": "string",
                    "value": "https://www.googleapis.com/compute/v1/projects/playground-s-11-451104ad/global/routes/default-route-180ad5a0176a2aa3"
                },
                "google_compute_route_tfer--default-route-1d3a15ea890272af_self_link": {
                    "sensitive": false,
                    "type": "string",
                    "value": "https://www.googleapis.com/compute/v1/projects/playground-s-11-451104ad/global/routes/default-route-1d3a15ea890272af"
                },
                "google_compute_route_tfer--default-route-4af787bfd0c96127_self_link": {
                    "sensitive": false,
                    "type": "string",
                    "value": "https://www.googleapis.com/compute/v1/projects/playground-s-11-451104ad/global/routes/default-route-4af787bfd0c96127"
                },
                "google_compute_route_tfer--default-route-672454dc617143ba_self_link": {
                    "sensitive": false,
                    "type": "string",
                    "value": "https://www.googleapis.com/compute/v1/projects/playground-s-11-451104ad/global/routes/default-route-672454dc617143ba"
                },
                "google_compute_route_tfer--default-route-83e7a7de49cba511_self_link": {
                    "sensitive": false,
                    "type": "string",
                    "value": "https://www.googleapis.com/compute/v1/projects/playground-s-11-451104ad/global/routes/default-route-83e7a7de49cba511"
                },
                "google_compute_route_tfer--default-route-b53ef19f7bce1173_self_link": {
                    "sensitive": false,
                    "type": "string",
                    "value": "https://www.googleapis.com/compute/v1/projects/playground-s-11-451104ad/global/routes/default-route-b53ef19f7bce1173"
                },
                "google_compute_route_tfer--default-route-bd6e09057fd3beef_self_link": {
                    "sensitive": false,
                    "type": "string",
                    "value": "https://www.googleapis.com/compute/v1/projects/playground-s-11-451104ad/global/routes/default-route-bd6e09057fd3beef"
                },
                "google_compute_route_tfer--default-route-d6281d61022204d1_self_link": {
                    "sensitive": false,
                    "type": "string",
                    "value": "https://www.googleapis.com/compute/v1/projects/playground-s-11-451104ad/global/routes/default-route-d6281d61022204d1"
                }
            },
            "resources": {
                "google_compute_route.tfer--default-route-01fd1ebc5b0da9fa": {
                    "type": "google_compute_route",
                    "depends_on": [],
                    "primary": {
                        "id": "default-route-01fd1ebc5b0da9fa",
                        "attributes": {
                            "description": "Default local route to the subnetwork 10.180.0.0/20.",
                            "dest_range": "10.180.0.0/20",
                            "id": "default-route-01fd1ebc5b0da9fa",
                            "name": "default-route-01fd1ebc5b0da9fa",
                            "network": "https://www.googleapis.com/compute/v1/projects/playground-s-11-451104ad/global/networks/default",
                            "next_hop_gateway": "",
                            "next_hop_ilb": "",
                            "next_hop_instance": "",
                            "next_hop_ip": "",
                            "next_hop_network": "https://www.googleapis.com/compute/v1/projects/playground-s-11-451104ad/global/networks/default",
                            "next_hop_vpn_tunnel": "",
                            "priority": "0",
                            "project": "playground-s-11-451104ad",
                            "self_link": "https://www.googleapis.com/compute/v1/projects/playground-s-11-451104ad/global/routes/default-route-01fd1ebc5b0da9fa",
                            "tags.#": "0"
                        },
                        "meta": {
                            "schema_version": 0
                        },
                        "tainted": false
                    },
                    "deposed": [],
                    "provider": "provider.google"
                },
                "google_compute_route.tfer--default-route-0f306adb707c98a9": {
                    "type": "google_compute_route",
                    "depends_on": [],
                    "primary": {
                        "id": "default-route-0f306adb707c98a9",
                        "attributes": {
                            "description": "Default local route to the subnetwork 10.128.0.0/20.",
                            "dest_range": "10.128.0.0/20",
                            "id": "default-route-0f306adb707c98a9",
                            "name": "default-route-0f306adb707c98a9",
                            "network": "https://www.googleapis.com/compute/v1/projects/playground-s-11-451104ad/global/networks/default",
                            "next_hop_gateway": "",
                            "next_hop_ilb": "",
                            "next_hop_instance": "",
                            "next_hop_ip": "",
                            "next_hop_network": "https://www.googleapis.com/compute/v1/projects/playground-s-11-451104ad/global/networks/default",
                            "next_hop_vpn_tunnel": "",
                            "priority": "0",
                            "project": "playground-s-11-451104ad",
                            "self_link": "https://www.googleapis.com/compute/v1/projects/playground-s-11-451104ad/global/routes/default-route-0f306adb707c98a9",
                            "tags.#": "0"
                        },
                        "meta": {
                            "schema_version": 0
                        },
                        "tainted": false
                    },
                    "deposed": [],
                    "provider": "provider.google"
                },
                "google_compute_route.tfer--default-route-180ad5a0176a2aa3": {
                    "type": "google_compute_route",
                    "depends_on": [],
                    "primary": {
                        "id": "default-route-180ad5a0176a2aa3",
                        "attributes": {
                            "description": "Default local route to the subnetwork 10.132.0.0/20.",
                            "dest_range": "10.132.0.0/20",
                            "id": "default-route-180ad5a0176a2aa3",
                            "name": "default-route-180ad5a0176a2aa3",
                            "network": "https://www.googleapis.com/compute/v1/projects/playground-s-11-451104ad/global/networks/default",
                            "next_hop_gateway": "",
                            "next_hop_ilb": "",
                            "next_hop_instance": "",
                            "next_hop_ip": "",
                            "next_hop_network": "https://www.googleapis.com/compute/v1/projects/playground-s-11-451104ad/global/networks/default",
                            "next_hop_vpn_tunnel": "",
                            "priority": "0",
                            "project": "playground-s-11-451104ad",
                            "self_link": "https://www.googleapis.com/compute/v1/projects/playground-s-11-451104ad/global/routes/default-route-180ad5a0176a2aa3",
                            "tags.#": "0"
                        },
                        "meta": {
                            "schema_version": 0
                        },
                        "tainted": false
                    },
                    "deposed": [],
                    "provider": "provider.google"
                },
                "google_compute_route.tfer--default-route-1d3a15ea890272af": {
                    "type": "google_compute_route",
                    "depends_on": [],
                    "primary": {
                        "id": "default-route-1d3a15ea890272af",
                        "attributes": {
                            "description": "Default local route to the subnetwork 10.182.0.0/20.",
                            "dest_range": "10.182.0.0/20",
                            "id": "default-route-1d3a15ea890272af",
                            "name": "default-route-1d3a15ea890272af",
                            "network": "https://www.googleapis.com/compute/v1/projects/playground-s-11-451104ad/global/networks/default",
                            "next_hop_gateway": "",
                            "next_hop_ilb": "",
                            "next_hop_instance": "",
                            "next_hop_ip": "",
                            "next_hop_network": "https://www.googleapis.com/compute/v1/projects/playground-s-11-451104ad/global/networks/default",
                            "next_hop_vpn_tunnel": "",
                            "priority": "0",
                            "project": "playground-s-11-451104ad",
                            "self_link": "https://www.googleapis.com/compute/v1/projects/playground-s-11-451104ad/global/routes/default-route-1d3a15ea890272af",
                            "tags.#": "0"
                        },
                        "meta": {
                            "schema_version": 0
                        },
                        "tainted": false
                    },
                    "deposed": [],
                    "provider": "provider.google"
                },
                "google_compute_route.tfer--default-route-4af787bfd0c96127": {
                    "type": "google_compute_route",
                    "depends_on": [],
                    "primary": {
                        "id": "default-route-4af787bfd0c96127",
                        "attributes": {
                            "description": "Default local route to the subnetwork 10.152.0.0/20.",
                            "dest_range": "10.152.0.0/20",
                            "id": "default-route-4af787bfd0c96127",
                            "name": "default-route-4af787bfd0c96127",
                            "network": "https://www.googleapis.com/compute/v1/projects/playground-s-11-451104ad/global/networks/default",
                            "next_hop_gateway": "",
                            "next_hop_ilb": "",
                            "next_hop_instance": "",
                            "next_hop_ip": "",
                            "next_hop_network": "https://www.googleapis.com/compute/v1/projects/playground-s-11-451104ad/global/networks/default",
                            "next_hop_vpn_tunnel": "",
                            "priority": "0",
                            "project": "playground-s-11-451104ad",
                            "self_link": "https://www.googleapis.com/compute/v1/projects/playground-s-11-451104ad/global/routes/default-route-4af787bfd0c96127",
                            "tags.#": "0"
                        },
                        "meta": {
                            "schema_version": 0
                        },
                        "tainted": false
                    },
                    "deposed": [],
                    "provider": "provider.google"
                },
                "google_compute_route.tfer--default-route-672454dc617143ba": {
                    "type": "google_compute_route",
                    "depends_on": [],
                    "primary": {
                        "id": "default-route-672454dc617143ba",
                        "attributes": {
                            "description": "Default local route to the subnetwork 10.138.0.0/20.",
                            "dest_range": "10.138.0.0/20",
                            "id": "default-route-672454dc617143ba",
                            "name": "default-route-672454dc617143ba",
                            "network": "https://www.googleapis.com/compute/v1/projects/playground-s-11-451104ad/global/networks/default",
                            "next_hop_gateway": "",
                            "next_hop_ilb": "",
                            "next_hop_instance": "",
                            "next_hop_ip": "",
                            "next_hop_network": "https://www.googleapis.com/compute/v1/projects/playground-s-11-451104ad/global/networks/default",
                            "next_hop_vpn_tunnel": "",
                            "priority": "0",
                            "project": "playground-s-11-451104ad",
                            "self_link": "https://www.googleapis.com/compute/v1/projects/playground-s-11-451104ad/global/routes/default-route-672454dc617143ba",
                            "tags.#": "0"
                        },
                        "meta": {
                            "schema_version": 0
                        },
                        "tainted": false
                    },
                    "deposed": [],
                    "provider": "provider.google"
                },
                "google_compute_route.tfer--default-route-83e7a7de49cba511": {
                    "type": "google_compute_route",
                    "depends_on": [],
                    "primary": {
                        "id": "default-route-83e7a7de49cba511",
                        "attributes": {
                            "description": "Default local route to the subnetwork 10.168.0.0/20.",
                            "dest_range": "10.168.0.0/20",
                            "id": "default-route-83e7a7de49cba511",
                            "name": "default-route-83e7a7de49cba511",
                            "network": "https://www.googleapis.com/compute/v1/projects/playground-s-11-451104ad/global/networks/default",
                            "next_hop_gateway": "",
                            "next_hop_ilb": "",
                            "next_hop_instance": "",
                            "next_hop_ip": "",
                            "next_hop_network": "https://www.googleapis.com/compute/v1/projects/playground-s-11-451104ad/global/networks/default",
                            "next_hop_vpn_tunnel": "",
                            "priority": "0",
                            "project": "playground-s-11-451104ad",
                            "self_link": "https://www.googleapis.com/compute/v1/projects/playground-s-11-451104ad/global/routes/default-route-83e7a7de49cba511",
                            "tags.#": "0"
                        },
                        "meta": {
                            "schema_version": 0
                        },
                        "tainted": false
                    },
                    "deposed": [],
                    "provider": "provider.google"
                },
                "google_compute_route.tfer--default-route-b53ef19f7bce1173": {
                    "type": "google_compute_route",
                    "depends_on": [],
                    "primary": {
                        "id": "default-route-b53ef19f7bce1173",
                        "attributes": {
                            "description": "Default route to the Internet.",
                            "dest_range": "0.0.0.0/0",
                            "id": "default-route-b53ef19f7bce1173",
                            "name": "default-route-b53ef19f7bce1173",
                            "network": "https://www.googleapis.com/compute/v1/projects/playground-s-11-451104ad/global/networks/default",
                            "next_hop_gateway": "https://www.googleapis.com/compute/v1/projects/playground-s-11-451104ad/global/gateways/default-internet-gateway",
                            "next_hop_ilb": "",
                            "next_hop_instance": "",
                            "next_hop_ip": "",
                            "next_hop_network": "",
                            "next_hop_vpn_tunnel": "",
                            "priority": "1000",
                            "project": "playground-s-11-451104ad",
                            "self_link": "https://www.googleapis.com/compute/v1/projects/playground-s-11-451104ad/global/routes/default-route-b53ef19f7bce1173",
                            "tags.#": "0"
                        },
                        "meta": {
                            "schema_version": 0
                        },
                        "tainted": false
                    },
                    "deposed": [],
                    "provider": "provider.google"
                },
                "google_compute_route.tfer--default-route-bd6e09057fd3beef": {
                    "type": "google_compute_route",
                    "depends_on": [],
                    "primary": {
                        "id": "default-route-bd6e09057fd3beef",
                        "attributes": {
                            "description": "Default local route to the subnetwork 10.142.0.0/20.",
                            "dest_range": "10.142.0.0/20",
                            "id": "default-route-bd6e09057fd3beef",
                            "name": "default-route-bd6e09057fd3beef",
                            "network": "https://www.googleapis.com/compute/v1/projects/playground-s-11-451104ad/global/networks/default",
                            "next_hop_gateway": "",
                            "next_hop_ilb": "",
                            "next_hop_instance": "",
                            "next_hop_ip": "",
                            "next_hop_network": "https://www.googleapis.com/compute/v1/projects/playground-s-11-451104ad/global/networks/default",
                            "next_hop_vpn_tunnel": "",
                            "priority": "0",
                            "project": "playground-s-11-451104ad",
                            "self_link": "https://www.googleapis.com/compute/v1/projects/playground-s-11-451104ad/global/routes/default-route-bd6e09057fd3beef",
                            "tags.#": "0"
                        },
                        "meta": {
                            "schema_version": 0
                        },
                        "tainted": false
                    },
                    "deposed": [],
                    "provider": "provider.google"
                },
                "google_compute_route.tfer--default-route-d6281d61022204d1": {
                    "type": "google_compute_route",
                    "depends_on": [],
                    "primary": {
                        "id": "default-route-d6281d61022204d1",
                        "attributes": {
                            "description": "Default local route to the subnetwork 10.150.0.0/20.",
                            "dest_range": "10.150.0.0/20",
                            "id": "default-route-d6281d61022204d1",
                            "name": "default-route-d6281d61022204d1",
                            "network": "https://www.googleapis.com/compute/v1/projects/playground-s-11-451104ad/global/networks/default",
                            "next_hop_gateway": "",
                            "next_hop_ilb": "",
                            "next_hop_instance": "",
                            "next_hop_ip": "",
                            "next_hop_network": "https://www.googleapis.com/compute/v1/projects/playground-s-11-451104ad/global/networks/default",
                            "next_hop_vpn_tunnel": "",
                            "priority": "0",
                            "project": "playground-s-11-451104ad",
                            "self_link": "https://www.googleapis.com/compute/v1/projects/playground-s-11-451104ad/global/routes/default-route-d6281d61022204d1",
                            "tags.#": "0"
                        },
                        "meta": {
                            "schema_version": 0
                        },
                        "tainted": false
                    },
                    "deposed": [],
                    "provider": "provider.google"
                }
            },
            "depends_on": []
        }
    ]
}
